
Microsoft Visual Studio Solution File, Format Version 12.00
# Visual Studio Version 16
VisualStudioVersion = 16.0.31019.35
MinimumVisualStudioVersion = 10.0.40219.1
Project("{FAE04EC0-301F-11D3-BF4B-00C04F79EFBC}") = "ConsoleApp1", "ConsoleApp1.csproj", "{97F17E17-53D1-495B-BBDD-983A7ADA213B}"
EndProject
Global
	GlobalSection(SolutionConfigurationPlatforms) = preSolution
		Debug|Any CPU = Debug|Any CPU
		Release|Any CPU = Release|Any CPU
	EndGlobalSection
	GlobalSection(ProjectConfigurationPlatforms) = postSolution
		{97F17E17-53D1-495B-BBDD-983A7ADA213B}.Debug|Any CPU.ActiveCfg = Debug|Any CPU
		{97F17E17-53D1-495B-BBDD-983A7ADA213B}.Debug|Any CPU.Build.0 = Debug|Any CPU
		{97F17E17-53D1-495B-BBDD-983A7ADA213B}.Release|Any CPU.ActiveCfg = Release|Any CPU
		{97F17E17-53D1-495B-BBDD-983A7ADA213B}.Release|Any CPU.Build.0 = Release|Any CPU
	EndGlobalSection
	GlobalSection(SolutionProperties) = preSolution
		HideSolutionNode = FALSE
	EndGlobalSection
	GlobalSection(ExtensibilityGlobals) = postSolution
		SolutionGuid = {BBD51DD3-3DE3-4759-8E90-A4163B9D3754}
	EndGlobalSection
EndGlobal
